
Microsoft Visual Studio Solution File, Format Version 12.00
# Visual Studio Version 16
VisualStudioVersion = 25.0.1706.4
MinimumVisualStudioVersion = 10.0.40219.1
Project("{FAE04EC0-301F-11D3-BF4B-00C04F79EFBC}") = "Idler.Common.Core", "Idler.Common.Core\Idler.Common.Core.csproj", "{FCE02E55-68AA-41C7-91F3-9E45DD5689DF}"
EndProject
Project("{FAE04EC0-301F-11D3-BF4B-00C04F79EFBC}") = "Idler.Common.Cache", "Idler.Common.Cache\Idler.Common.Cache.csproj", "{B6D70EA8-9054-427E-9FCD-939044A426F7}"
EndProject
Project("{FAE04EC0-301F-11D3-BF4B-00C04F79EFBC}") = "Idler.Common.Cache.FreeRedis", "Idler.Common.Cache.FreeRedis\Idler.Common.Cache.FreeRedis.csproj", "{C44297D4-C9CC-4595-992A-6030F1607B31}"
EndProject
Project("{FAE04EC0-301F-11D3-BF4B-00C04F79EFBC}") = "Idler.Common.EntityFrameworkCore", "Idler.Common.EntityFrameworkCore\Idler.Common.EntityFrameworkCore.csproj", "{1B6E33BF-16FE-4976-A395-730137B46684}"
EndProject
Project("{FAE04EC0-301F-11D3-BF4B-00C04F79EFBC}") = "Idler.Common.Autofac", "Idler.Common.Autofac\Idler.Common.Autofac.csproj", "{F837BA26-1C7E-4896-8FFC-36BB3403B77A}"
EndProject
Project("{FAE04EC0-301F-11D3-BF4B-00C04F79EFBC}") = "Idler.Common.AutoMapper", "Idler.Common.AutoMapper\Idler.Common.AutoMapper.csproj", "{41A0BF00-362B-4C63-B267-4273F25D2307}"
EndProject
Project("{FAE04EC0-301F-11D3-BF4B-00C04F79EFBC}") = "Idler.Common.FluentEmail", "Idler.Common.FluentEmail\Idler.Common.FluentEmail.csproj", "{7D4EAE8A-AB41-40A0-90C4-6521D37846B3}"
EndProject
Project("{FAE04EC0-301F-11D3-BF4B-00C04F79EFBC}") = "Idler.Common.Core.Test", "Idler.Common.Core.Test\Idler.Common.Core.Test.csproj", "{36417633-3D41-4F3E-8B18-AE39CD9EE502}"
EndProject
Project("{FAE04EC0-301F-11D3-BF4B-00C04F79EFBC}") = "Idler.Common.Authorization.Abstractions", "Idler.Common.Authorization.Abstractions\Idler.Common.Authorization.Abstractions.csproj", "{115B059F-36C1-4BD7-9183-30E5FDCB0AB2}"
EndProject
Project("{FAE04EC0-301F-11D3-BF4B-00C04F79EFBC}") = "Idler.Common.Authorization", "Idler.Common.Authorization\Idler.Common.Authorization.csproj", "{1DA95D40-307C-4F2C-A526-035A3483B8FA}"
EndProject
Project("{FAE04EC0-301F-11D3-BF4B-00C04F79EFBC}") = "Idler.Common.Authorization.AspNetCore", "Idler.Common.Authorization.AspNetCore\Idler.Common.Authorization.AspNetCore.csproj", "{7AFD76A2-2FCB-4820-B993-37A02EEDC09E}"
EndProject
Project("{FAE04EC0-301F-11D3-BF4B-00C04F79EFBC}") = "Idler.Common.Authorization.EntityFrameworkCore", "Idler.Common.Authorization.EntityFrameworkCore\Idler.Common.Authorization.EntityFrameworkCore.csproj", "{A22E985A-70FD-47B1-9F20-463AF2CF127D}"
EndProject
Project("{2150E333-8FDC-42A3-9474-1A3956D46DE8}") = "Authorization", "Authorization", "{13E222D9-D99C-4FF1-81E4-C79D3FB84EBC}"
EndProject
Project("{FAE04EC0-301F-11D3-BF4B-00C04F79EFBC}") = "Idler.Common.ExtendedAttribute", "Idler.Common.ExtendedAttribute\Idler.Common.ExtendedAttribute.csproj", "{63BB29F2-01C5-4FBE-8AE5-6960E5274CF2}"
EndProject
Project("{FAE04EC0-301F-11D3-BF4B-00C04F79EFBC}") = "Idler.Common.Core.AspNetCore", "Idler.Common.Core.AspNetCore\Idler.Common.Core.AspNetCore.csproj", "{24762D24-88F1-455D-A3D8-C7E980661A83}"
EndProject
Project("{FAE04EC0-301F-11D3-BF4B-00C04F79EFBC}") = "Idler.Common.WebAPIClient", "Idler.Common.WebAPIClient\Idler.Common.WebAPIClient.csproj", "{5CBC6E46-03E7-4639-B195-5B7C586A611E}"
EndProject
Global
	GlobalSection(SolutionConfigurationPlatforms) = preSolution
		Debug|Any CPU = Debug|Any CPU
		Release|Any CPU = Release|Any CPU
	EndGlobalSection
	GlobalSection(ProjectConfigurationPlatforms) = postSolution
		{FCE02E55-68AA-41C7-91F3-9E45DD5689DF}.Debug|Any CPU.ActiveCfg = Debug|Any CPU
		{FCE02E55-68AA-41C7-91F3-9E45DD5689DF}.Debug|Any CPU.Build.0 = Debug|Any CPU
		{FCE02E55-68AA-41C7-91F3-9E45DD5689DF}.Release|Any CPU.ActiveCfg = Release|Any CPU
		{FCE02E55-68AA-41C7-91F3-9E45DD5689DF}.Release|Any CPU.Build.0 = Release|Any CPU
		{B6D70EA8-9054-427E-9FCD-939044A426F7}.Debug|Any CPU.ActiveCfg = Debug|Any CPU
		{B6D70EA8-9054-427E-9FCD-939044A426F7}.Debug|Any CPU.Build.0 = Debug|Any CPU
		{B6D70EA8-9054-427E-9FCD-939044A426F7}.Release|Any CPU.ActiveCfg = Release|Any CPU
		{B6D70EA8-9054-427E-9FCD-939044A426F7}.Release|Any CPU.Build.0 = Release|Any CPU
		{C44297D4-C9CC-4595-992A-6030F1607B31}.Debug|Any CPU.ActiveCfg = Debug|Any CPU
		{C44297D4-C9CC-4595-992A-6030F1607B31}.Debug|Any CPU.Build.0 = Debug|Any CPU
		{C44297D4-C9CC-4595-992A-6030F1607B31}.Release|Any CPU.ActiveCfg = Release|Any CPU
		{C44297D4-C9CC-4595-992A-6030F1607B31}.Release|Any CPU.Build.0 = Release|Any CPU
		{1B6E33BF-16FE-4976-A395-730137B46684}.Debug|Any CPU.ActiveCfg = Debug|Any CPU
		{1B6E33BF-16FE-4976-A395-730137B46684}.Debug|Any CPU.Build.0 = Debug|Any CPU
		{1B6E33BF-16FE-4976-A395-730137B46684}.Release|Any CPU.ActiveCfg = Release|Any CPU
		{1B6E33BF-16FE-4976-A395-730137B46684}.Release|Any CPU.Build.0 = Release|Any CPU
		{F837BA26-1C7E-4896-8FFC-36BB3403B77A}.Debug|Any CPU.ActiveCfg = Debug|Any CPU
		{F837BA26-1C7E-4896-8FFC-36BB3403B77A}.Debug|Any CPU.Build.0 = Debug|Any CPU
		{F837BA26-1C7E-4896-8FFC-36BB3403B77A}.Release|Any CPU.ActiveCfg = Release|Any CPU
		{F837BA26-1C7E-4896-8FFC-36BB3403B77A}.Release|Any CPU.Build.0 = Release|Any CPU
		{41A0BF00-362B-4C63-B267-4273F25D2307}.Debug|Any CPU.ActiveCfg = Debug|Any CPU
		{41A0BF00-362B-4C63-B267-4273F25D2307}.Debug|Any CPU.Build.0 = Debug|Any CPU
		{41A0BF00-362B-4C63-B267-4273F25D2307}.Release|Any CPU.ActiveCfg = Release|Any CPU
		{41A0BF00-362B-4C63-B267-4273F25D2307}.Release|Any CPU.Build.0 = Release|Any CPU
		{7D4EAE8A-AB41-40A0-90C4-6521D37846B3}.Debug|Any CPU.ActiveCfg = Debug|Any CPU
		{7D4EAE8A-AB41-40A0-90C4-6521D37846B3}.Debug|Any CPU.Build.0 = Debug|Any CPU
		{7D4EAE8A-AB41-40A0-90C4-6521D37846B3}.Release|Any CPU.ActiveCfg = Release|Any CPU
		{7D4EAE8A-AB41-40A0-90C4-6521D37846B3}.Release|Any CPU.Build.0 = Release|Any CPU
		{36417633-3D41-4F3E-8B18-AE39CD9EE502}.Debug|Any CPU.ActiveCfg = Debug|Any CPU
		{36417633-3D41-4F3E-8B18-AE39CD9EE502}.Debug|Any CPU.Build.0 = Debug|Any CPU
		{36417633-3D41-4F3E-8B18-AE39CD9EE502}.Release|Any CPU.ActiveCfg = Release|Any CPU
		{36417633-3D41-4F3E-8B18-AE39CD9EE502}.Release|Any CPU.Build.0 = Release|Any CPU
		{115B059F-36C1-4BD7-9183-30E5FDCB0AB2}.Debug|Any CPU.ActiveCfg = Debug|Any CPU
		{115B059F-36C1-4BD7-9183-30E5FDCB0AB2}.Debug|Any CPU.Build.0 = Debug|Any CPU
		{115B059F-36C1-4BD7-9183-30E5FDCB0AB2}.Release|Any CPU.ActiveCfg = Release|Any CPU
		{115B059F-36C1-4BD7-9183-30E5FDCB0AB2}.Release|Any CPU.Build.0 = Release|Any CPU
		{1DA95D40-307C-4F2C-A526-035A3483B8FA}.Debug|Any CPU.ActiveCfg = Debug|Any CPU
		{1DA95D40-307C-4F2C-A526-035A3483B8FA}.Debug|Any CPU.Build.0 = Debug|Any CPU
		{1DA95D40-307C-4F2C-A526-035A3483B8FA}.Release|Any CPU.ActiveCfg = Release|Any CPU
		{1DA95D40-307C-4F2C-A526-035A3483B8FA}.Release|Any CPU.Build.0 = Release|Any CPU
		{7AFD76A2-2FCB-4820-B993-37A02EEDC09E}.Debug|Any CPU.ActiveCfg = Debug|Any CPU
		{7AFD76A2-2FCB-4820-B993-37A02EEDC09E}.Debug|Any CPU.Build.0 = Debug|Any CPU
		{7AFD76A2-2FCB-4820-B993-37A02EEDC09E}.Release|Any CPU.ActiveCfg = Release|Any CPU
		{7AFD76A2-2FCB-4820-B993-37A02EEDC09E}.Release|Any CPU.Build.0 = Release|Any CPU
		{A22E985A-70FD-47B1-9F20-463AF2CF127D}.Debug|Any CPU.ActiveCfg = Debug|Any CPU
		{A22E985A-70FD-47B1-9F20-463AF2CF127D}.Debug|Any CPU.Build.0 = Debug|Any CPU
		{A22E985A-70FD-47B1-9F20-463AF2CF127D}.Release|Any CPU.ActiveCfg = Release|Any CPU
		{A22E985A-70FD-47B1-9F20-463AF2CF127D}.Release|Any CPU.Build.0 = Release|Any CPU
		{63BB29F2-01C5-4FBE-8AE5-6960E5274CF2}.Debug|Any CPU.ActiveCfg = Debug|Any CPU
		{63BB29F2-01C5-4FBE-8AE5-6960E5274CF2}.Debug|Any CPU.Build.0 = Debug|Any CPU
		{63BB29F2-01C5-4FBE-8AE5-6960E5274CF2}.Release|Any CPU.ActiveCfg = Release|Any CPU
		{63BB29F2-01C5-4FBE-8AE5-6960E5274CF2}.Release|Any CPU.Build.0 = Release|Any CPU
		{24762D24-88F1-455D-A3D8-C7E980661A83}.Debug|Any CPU.ActiveCfg = Debug|Any CPU
		{24762D24-88F1-455D-A3D8-C7E980661A83}.Debug|Any CPU.Build.0 = Debug|Any CPU
		{24762D24-88F1-455D-A3D8-C7E980661A83}.Release|Any CPU.ActiveCfg = Release|Any CPU
		{24762D24-88F1-455D-A3D8-C7E980661A83}.Release|Any CPU.Build.0 = Release|Any CPU
		{5CBC6E46-03E7-4639-B195-5B7C586A611E}.Debug|Any CPU.ActiveCfg = Debug|Any CPU
		{5CBC6E46-03E7-4639-B195-5B7C586A611E}.Debug|Any CPU.Build.0 = Debug|Any CPU
		{5CBC6E46-03E7-4639-B195-5B7C586A611E}.Release|Any CPU.ActiveCfg = Release|Any CPU
		{5CBC6E46-03E7-4639-B195-5B7C586A611E}.Release|Any CPU.Build.0 = Release|Any CPU
	EndGlobalSection
	GlobalSection(NestedProjects) = preSolution
		{1DA95D40-307C-4F2C-A526-035A3483B8FA} = {13E222D9-D99C-4FF1-81E4-C79D3FB84EBC}
		{115B059F-36C1-4BD7-9183-30E5FDCB0AB2} = {13E222D9-D99C-4FF1-81E4-C79D3FB84EBC}
		{7AFD76A2-2FCB-4820-B993-37A02EEDC09E} = {13E222D9-D99C-4FF1-81E4-C79D3FB84EBC}
		{A22E985A-70FD-47B1-9F20-463AF2CF127D} = {13E222D9-D99C-4FF1-81E4-C79D3FB84EBC}
	EndGlobalSection
EndGlobal
